
Microsoft Visual Studio Solution File, Format Version 12.00
# Visual Studio 14
VisualStudioVersion = 14.0.25420.1
MinimumVisualStudioVersion = 10.0.40219.1
Project("{FAE04EC0-301F-11D3-BF4B-00C04F79EFBC}") = "OTACS", "OTACS.csproj", "{8147826D-8FB9-4F3F-A63C-B95AEE8EC972}"
EndProject
Project("{FAE04EC0-301F-11D3-BF4B-00C04F79EFBC}") = "PluginInterface", "..\PluginInterface\PluginInterface.csproj", "{00D0C21D-D94C-4B0F-A710-1EFBABB4C4C6}"
EndProject
Project("{FAE04EC0-301F-11D3-BF4B-00C04F79EFBC}") = "SubjectbookIntegration", "..\SubjectbookIntegration\SubjectbookIntegration.csproj", "{E46882A4-52F8-4ABF-B5E0-E415305E44CC}"
EndProject
Project("{FAE04EC0-301F-11D3-BF4B-00C04F79EFBC}") = "Average", "..\Average\Average.csproj", "{180897D5-6CA1-4A6E-A77D-AF1D51A9450E}"
EndProject
Project("{FAE04EC0-301F-11D3-BF4B-00C04F79EFBC}") = "Blink1", "..\Blink1\Blink1.csproj", "{ACF2E926-F922-45A8-874B-967AD04BB837}"
EndProject
Project("{FAE04EC0-301F-11D3-BF4B-00C04F79EFBC}") = "HidLibrary", "..\HidLibrary\HidLibrary.csproj", "{9E8F1D50-74EA-4C60-BD5C-AB2C5B53BC66}"
EndProject
Project("{FAE04EC0-301F-11D3-BF4B-00C04F79EFBC}") = "Display", "..\Display\Display\Display.csproj", "{03A7355D-4CD5-4809-96BA-ED6E518553EE}"
EndProject
Project("{FAE04EC0-301F-11D3-BF4B-00C04F79EFBC}") = "VideoCameraPlugin", "..\VideoCamera\VideoCameraPlugin.csproj", "{71EEE2B8-39C0-4AE3-9E8D-054C4E8B82DF}"
EndProject
Project("{FAE04EC0-301F-11D3-BF4B-00C04F79EFBC}") = "ProcessInitiator", "..\ProcessInitiator\ProcessInitiator\ProcessInitiator.csproj", "{540061C7-1D62-4078-BBED-7F1EA047701A}"
EndProject
Project("{FAE04EC0-301F-11D3-BF4B-00C04F79EFBC}") = "GigEGrabber", "..\GigEGrabber\GigEGrabber.csproj", "{BE56332D-054D-4CBA-9670-1A931F44D6E4}"
EndProject
Project("{FAE04EC0-301F-11D3-BF4B-00C04F79EFBC}") = "PerspirationPlugin", "..\Perspiration\PerspirationPlugin\PerspirationPlugin.csproj", "{2C25FA1E-862D-4236-A942-5EF8144AD7D8}"
EndProject
Project("{FAE04EC0-301F-11D3-BF4B-00C04F79EFBC}") = "RealTimeGraph", "..\RealTime Graph\RealTimeGraph\RealTimeGraph.csproj", "{315BEEAE-F169-466A-B254-333479A2BA38}"
EndProject
Project("{FAE04EC0-301F-11D3-BF4B-00C04F79EFBC}") = "FocusDevice", "..\FocusDevice\FocusDevice\FocusDevice.csproj", "{D48B9F2C-5339-4D19-8B69-1A5DA5419FA4}"
EndProject
Project("{FAE04EC0-301F-11D3-BF4B-00C04F79EFBC}") = "ThermalVisualizerPlugin", "..\ThermalVisualizer\ThermalVisualizerPlugin\ThermalVisualizerPlugin.csproj", "{B410E24A-3AE9-4863-9C3C-479D2793735A}"
EndProject
Project("{FAE04EC0-301F-11D3-BF4B-00C04F79EFBC}") = "AudioRecordWAV", "..\AudioRecordWAV\AudioRecordWAV.csproj", "{AF061227-59E1-496D-966C-92526A910628}"
EndProject
Project("{FAE04EC0-301F-11D3-BF4B-00C04F79EFBC}") = "deformTracker", "..\deformTracker\deformTracker\deformTracker.csproj", "{9BD9C893-C8AB-4475-B68C-577149AF79EE}"
EndProject
Project("{FAE04EC0-301F-11D3-BF4B-00C04F79EFBC}") = "AVIWriterCompressedMulti", "..\AVIWriterCompressed\AVIWriterCompressed\AVIWriterCompressedMulti.csproj", "{3F80F926-9B2F-4184-8395-7E6918827C1F}"
EndProject
Project("{FAE04EC0-301F-11D3-BF4B-00C04F79EFBC}") = "PerformanceData", "..\PerformanceData\PerformanceData.csproj", "{CAD278A9-59D6-4F45-BE6A-B6D4417BF9A7}"
EndProject
Project("{FAE04EC0-301F-11D3-BF4B-00C04F79EFBC}") = "BreathComputation", "..\Breathing\BreathComputation\BreathComputation.csproj", "{86FBD383-521A-41DE-AA01-FCA277BA922E}"
EndProject
Project("{FAE04EC0-301F-11D3-BF4B-00C04F79EFBC}") = "BreathPlugIn", "..\Breathing\PlugIn\BreathPlugIn.csproj", "{66801304-818C-4B1E-88AF-0B08141023EB}"
EndProject
Project("{FAE04EC0-301F-11D3-BF4B-00C04F79EFBC}") = "Thermal File", "..\Thermal File\Thermal File\Thermal File.csproj", "{7180CDC6-24F3-4288-BA55-2921CDB9C56C}"
EndProject
Global
	GlobalSection(SolutionConfigurationPlatforms) = preSolution
		Debug|Any CPU = Debug|Any CPU
		Debug|x64 = Debug|x64
		Debug|x86 = Debug|x86
		Release|Any CPU = Release|Any CPU
		Release|x64 = Release|x64
		Release|x86 = Release|x86
	EndGlobalSection
	GlobalSection(ProjectConfigurationPlatforms) = postSolution
		{8147826D-8FB9-4F3F-A63C-B95AEE8EC972}.Debug|Any CPU.ActiveCfg = Debug|Any CPU
		{8147826D-8FB9-4F3F-A63C-B95AEE8EC972}.Debug|Any CPU.Build.0 = Debug|Any CPU
		{8147826D-8FB9-4F3F-A63C-B95AEE8EC972}.Debug|x64.ActiveCfg = Debug|x64
		{8147826D-8FB9-4F3F-A63C-B95AEE8EC972}.Debug|x64.Build.0 = Debug|x64
		{8147826D-8FB9-4F3F-A63C-B95AEE8EC972}.Debug|x86.ActiveCfg = Debug|x86
		{8147826D-8FB9-4F3F-A63C-B95AEE8EC972}.Debug|x86.Build.0 = Debug|x86
		{8147826D-8FB9-4F3F-A63C-B95AEE8EC972}.Release|Any CPU.ActiveCfg = Release|Any CPU
		{8147826D-8FB9-4F3F-A63C-B95AEE8EC972}.Release|Any CPU.Build.0 = Release|Any CPU
		{8147826D-8FB9-4F3F-A63C-B95AEE8EC972}.Release|x64.ActiveCfg = Release|x64
		{8147826D-8FB9-4F3F-A63C-B95AEE8EC972}.Release|x64.Build.0 = Release|x64
		{8147826D-8FB9-4F3F-A63C-B95AEE8EC972}.Release|x86.ActiveCfg = Release|x86
		{8147826D-8FB9-4F3F-A63C-B95AEE8EC972}.Release|x86.Build.0 = Release|x86
		{00D0C21D-D94C-4B0F-A710-1EFBABB4C4C6}.Debug|Any CPU.ActiveCfg = Debug|Any CPU
		{00D0C21D-D94C-4B0F-A710-1EFBABB4C4C6}.Debug|Any CPU.Build.0 = Debug|Any CPU
		{00D0C21D-D94C-4B0F-A710-1EFBABB4C4C6}.Debug|x64.ActiveCfg = Debug|x64
		{00D0C21D-D94C-4B0F-A710-1EFBABB4C4C6}.Debug|x64.Build.0 = Debug|x64
		{00D0C21D-D94C-4B0F-A710-1EFBABB4C4C6}.Debug|x86.ActiveCfg = Debug|x86
		{00D0C21D-D94C-4B0F-A710-1EFBABB4C4C6}.Debug|x86.Build.0 = Debug|x86
		{00D0C21D-D94C-4B0F-A710-1EFBABB4C4C6}.Release|Any CPU.ActiveCfg = Release|Any CPU
		{00D0C21D-D94C-4B0F-A710-1EFBABB4C4C6}.Release|Any CPU.Build.0 = Release|Any CPU
		{00D0C21D-D94C-4B0F-A710-1EFBABB4C4C6}.Release|x64.ActiveCfg = Release|x64
		{00D0C21D-D94C-4B0F-A710-1EFBABB4C4C6}.Release|x64.Build.0 = Release|x64
		{00D0C21D-D94C-4B0F-A710-1EFBABB4C4C6}.Release|x86.ActiveCfg = Release|x86
		{00D0C21D-D94C-4B0F-A710-1EFBABB4C4C6}.Release|x86.Build.0 = Release|x86
		{E46882A4-52F8-4ABF-B5E0-E415305E44CC}.Debug|Any CPU.ActiveCfg = Debug|Any CPU
		{E46882A4-52F8-4ABF-B5E0-E415305E44CC}.Debug|Any CPU.Build.0 = Debug|Any CPU
		{E46882A4-52F8-4ABF-B5E0-E415305E44CC}.Debug|x64.ActiveCfg = Debug|Any CPU
		{E46882A4-52F8-4ABF-B5E0-E415305E44CC}.Debug|x64.Build.0 = Debug|Any CPU
		{E46882A4-52F8-4ABF-B5E0-E415305E44CC}.Debug|x86.ActiveCfg = Debug|x86
		{E46882A4-52F8-4ABF-B5E0-E415305E44CC}.Debug|x86.Build.0 = Debug|x86
		{E46882A4-52F8-4ABF-B5E0-E415305E44CC}.Release|Any CPU.ActiveCfg = Release|Any CPU
		{E46882A4-52F8-4ABF-B5E0-E415305E44CC}.Release|Any CPU.Build.0 = Release|Any CPU
		{E46882A4-52F8-4ABF-B5E0-E415305E44CC}.Release|x64.ActiveCfg = Release|Any CPU
		{E46882A4-52F8-4ABF-B5E0-E415305E44CC}.Release|x64.Build.0 = Release|Any CPU
		{E46882A4-52F8-4ABF-B5E0-E415305E44CC}.Release|x86.ActiveCfg = Release|x86
		{E46882A4-52F8-4ABF-B5E0-E415305E44CC}.Release|x86.Build.0 = Release|x86
		{180897D5-6CA1-4A6E-A77D-AF1D51A9450E}.Debug|Any CPU.ActiveCfg = Debug|Any CPU
		{180897D5-6CA1-4A6E-A77D-AF1D51A9450E}.Debug|Any CPU.Build.0 = Debug|Any CPU
		{180897D5-6CA1-4A6E-A77D-AF1D51A9450E}.Debug|x64.ActiveCfg = Debug|Any CPU
		{180897D5-6CA1-4A6E-A77D-AF1D51A9450E}.Debug|x64.Build.0 = Debug|Any CPU
		{180897D5-6CA1-4A6E-A77D-AF1D51A9450E}.Debug|x86.ActiveCfg = Debug|x86
		{180897D5-6CA1-4A6E-A77D-AF1D51A9450E}.Debug|x86.Build.0 = Debug|x86
		{180897D5-6CA1-4A6E-A77D-AF1D51A9450E}.Release|Any CPU.ActiveCfg = Release|Any CPU
		{180897D5-6CA1-4A6E-A77D-AF1D51A9450E}.Release|Any CPU.Build.0 = Release|Any CPU
		{180897D5-6CA1-4A6E-A77D-AF1D51A9450E}.Release|x64.ActiveCfg = Release|Any CPU
		{180897D5-6CA1-4A6E-A77D-AF1D51A9450E}.Release|x64.Build.0 = Release|Any CPU
		{180897D5-6CA1-4A6E-A77D-AF1D51A9450E}.Release|x86.ActiveCfg = Release|x86
		{180897D5-6CA1-4A6E-A77D-AF1D51A9450E}.Release|x86.Build.0 = Release|x86
		{ACF2E926-F922-45A8-874B-967AD04BB837}.Debug|Any CPU.ActiveCfg = Debug|Any CPU
		{ACF2E926-F922-45A8-874B-967AD04BB837}.Debug|Any CPU.Build.0 = Debug|Any CPU
		{ACF2E926-F922-45A8-874B-967AD04BB837}.Debug|x64.ActiveCfg = Debug|Any CPU
		{ACF2E926-F922-45A8-874B-967AD04BB837}.Debug|x64.Build.0 = Debug|Any CPU
		{ACF2E926-F922-45A8-874B-967AD04BB837}.Debug|x86.ActiveCfg = Debug|x86
		{ACF2E926-F922-45A8-874B-967AD04BB837}.Debug|x86.Build.0 = Debug|x86
		{ACF2E926-F922-45A8-874B-967AD04BB837}.Release|Any CPU.ActiveCfg = Release|Any CPU
		{ACF2E926-F922-45A8-874B-967AD04BB837}.Release|Any CPU.Build.0 = Release|Any CPU
		{ACF2E926-F922-45A8-874B-967AD04BB837}.Release|x64.ActiveCfg = Release|Any CPU
		{ACF2E926-F922-45A8-874B-967AD04BB837}.Release|x64.Build.0 = Release|Any CPU
		{ACF2E926-F922-45A8-874B-967AD04BB837}.Release|x86.ActiveCfg = Release|x86
		{ACF2E926-F922-45A8-874B-967AD04BB837}.Release|x86.Build.0 = Release|x86
		{9E8F1D50-74EA-4C60-BD5C-AB2C5B53BC66}.Debug|Any CPU.ActiveCfg = Debug|Any CPU
		{9E8F1D50-74EA-4C60-BD5C-AB2C5B53BC66}.Debug|Any CPU.Build.0 = Debug|Any CPU
		{9E8F1D50-74EA-4C60-BD5C-AB2C5B53BC66}.Debug|x64.ActiveCfg = Debug|Any CPU
		{9E8F1D50-74EA-4C60-BD5C-AB2C5B53BC66}.Debug|x64.Build.0 = Debug|Any CPU
		{9E8F1D50-74EA-4C60-BD5C-AB2C5B53BC66}.Debug|x86.ActiveCfg = Debug|x86
		{9E8F1D50-74EA-4C60-BD5C-AB2C5B53BC66}.Debug|x86.Build.0 = Debug|x86
		{9E8F1D50-74EA-4C60-BD5C-AB2C5B53BC66}.Release|Any CPU.ActiveCfg = Release|Any CPU
		{9E8F1D50-74EA-4C60-BD5C-AB2C5B53BC66}.Release|Any CPU.Build.0 = Release|Any CPU
		{9E8F1D50-74EA-4C60-BD5C-AB2C5B53BC66}.Release|x64.ActiveCfg = Release|Any CPU
		{9E8F1D50-74EA-4C60-BD5C-AB2C5B53BC66}.Release|x64.Build.0 = Release|Any CPU
		{9E8F1D50-74EA-4C60-BD5C-AB2C5B53BC66}.Release|x86.ActiveCfg = Release|x86
		{9E8F1D50-74EA-4C60-BD5C-AB2C5B53BC66}.Release|x86.Build.0 = Release|x86
		{03A7355D-4CD5-4809-96BA-ED6E518553EE}.Debug|Any CPU.ActiveCfg = Debug|Any CPU
		{03A7355D-4CD5-4809-96BA-ED6E518553EE}.Debug|Any CPU.Build.0 = Debug|Any CPU
		{03A7355D-4CD5-4809-96BA-ED6E518553EE}.Debug|x64.ActiveCfg = Debug|x64
		{03A7355D-4CD5-4809-96BA-ED6E518553EE}.Debug|x64.Build.0 = Debug|x64
		{03A7355D-4CD5-4809-96BA-ED6E518553EE}.Debug|x86.ActiveCfg = Debug|x86
		{03A7355D-4CD5-4809-96BA-ED6E518553EE}.Debug|x86.Build.0 = Debug|x86
		{03A7355D-4CD5-4809-96BA-ED6E518553EE}.Release|Any CPU.ActiveCfg = Release|Any CPU
		{03A7355D-4CD5-4809-96BA-ED6E518553EE}.Release|Any CPU.Build.0 = Release|Any CPU
		{03A7355D-4CD5-4809-96BA-ED6E518553EE}.Release|x64.ActiveCfg = Release|x64
		{03A7355D-4CD5-4809-96BA-ED6E518553EE}.Release|x64.Build.0 = Release|x64
		{03A7355D-4CD5-4809-96BA-ED6E518553EE}.Release|x86.ActiveCfg = Release|x86
		{03A7355D-4CD5-4809-96BA-ED6E518553EE}.Release|x86.Build.0 = Release|x86
		{71EEE2B8-39C0-4AE3-9E8D-054C4E8B82DF}.Debug|Any CPU.ActiveCfg = Debug|Any CPU
		{71EEE2B8-39C0-4AE3-9E8D-054C4E8B82DF}.Debug|Any CPU.Build.0 = Debug|Any CPU
		{71EEE2B8-39C0-4AE3-9E8D-054C4E8B82DF}.Debug|x64.ActiveCfg = Debug|x64
		{71EEE2B8-39C0-4AE3-9E8D-054C4E8B82DF}.Debug|x64.Build.0 = Debug|x64
		{71EEE2B8-39C0-4AE3-9E8D-054C4E8B82DF}.Debug|x86.ActiveCfg = Debug|x86
		{71EEE2B8-39C0-4AE3-9E8D-054C4E8B82DF}.Debug|x86.Build.0 = Debug|x86
		{71EEE2B8-39C0-4AE3-9E8D-054C4E8B82DF}.Release|Any CPU.ActiveCfg = Release|Any CPU
		{71EEE2B8-39C0-4AE3-9E8D-054C4E8B82DF}.Release|Any CPU.Build.0 = Release|Any CPU
		{71EEE2B8-39C0-4AE3-9E8D-054C4E8B82DF}.Release|x64.ActiveCfg = Release|x64
		{71EEE2B8-39C0-4AE3-9E8D-054C4E8B82DF}.Release|x64.Build.0 = Release|x64
		{71EEE2B8-39C0-4AE3-9E8D-054C4E8B82DF}.Release|x86.ActiveCfg = Release|x86
		{71EEE2B8-39C0-4AE3-9E8D-054C4E8B82DF}.Release|x86.Build.0 = Release|x86
		{540061C7-1D62-4078-BBED-7F1EA047701A}.Debug|Any CPU.ActiveCfg = Debug|Any CPU
		{540061C7-1D62-4078-BBED-7F1EA047701A}.Debug|Any CPU.Build.0 = Debug|Any CPU
		{540061C7-1D62-4078-BBED-7F1EA047701A}.Debug|x64.ActiveCfg = Debug|Any CPU
		{540061C7-1D62-4078-BBED-7F1EA047701A}.Debug|x64.Build.0 = Debug|Any CPU
		{540061C7-1D62-4078-BBED-7F1EA047701A}.Debug|x86.ActiveCfg = Debug|x86
		{540061C7-1D62-4078-BBED-7F1EA047701A}.Debug|x86.Build.0 = Debug|x86
		{540061C7-1D62-4078-BBED-7F1EA047701A}.Release|Any CPU.ActiveCfg = Release|Any CPU
		{540061C7-1D62-4078-BBED-7F1EA047701A}.Release|Any CPU.Build.0 = Release|Any CPU
		{540061C7-1D62-4078-BBED-7F1EA047701A}.Release|x64.ActiveCfg = Release|Any CPU
		{540061C7-1D62-4078-BBED-7F1EA047701A}.Release|x64.Build.0 = Release|Any CPU
		{540061C7-1D62-4078-BBED-7F1EA047701A}.Release|x86.ActiveCfg = Release|x86
		{540061C7-1D62-4078-BBED-7F1EA047701A}.Release|x86.Build.0 = Release|x86
		{BE56332D-054D-4CBA-9670-1A931F44D6E4}.Debug|Any CPU.ActiveCfg = Debug|Any CPU
		{BE56332D-054D-4CBA-9670-1A931F44D6E4}.Debug|Any CPU.Build.0 = Debug|Any CPU
		{BE56332D-054D-4CBA-9670-1A931F44D6E4}.Debug|x64.ActiveCfg = Debug|Any CPU
		{BE56332D-054D-4CBA-9670-1A931F44D6E4}.Debug|x64.Build.0 = Debug|Any CPU
		{BE56332D-054D-4CBA-9670-1A931F44D6E4}.Debug|x86.ActiveCfg = Debug|x86
		{BE56332D-054D-4CBA-9670-1A931F44D6E4}.Debug|x86.Build.0 = Debug|x86
		{BE56332D-054D-4CBA-9670-1A931F44D6E4}.Release|Any CPU.ActiveCfg = Release|Any CPU
		{BE56332D-054D-4CBA-9670-1A931F44D6E4}.Release|Any CPU.Build.0 = Release|Any CPU
		{BE56332D-054D-4CBA-9670-1A931F44D6E4}.Release|x64.ActiveCfg = Release|Any CPU
		{BE56332D-054D-4CBA-9670-1A931F44D6E4}.Release|x64.Build.0 = Release|Any CPU
		{BE56332D-054D-4CBA-9670-1A931F44D6E4}.Release|x86.ActiveCfg = Release|x86
		{BE56332D-054D-4CBA-9670-1A931F44D6E4}.Release|x86.Build.0 = Release|x86
		{2C25FA1E-862D-4236-A942-5EF8144AD7D8}.Debug|Any CPU.ActiveCfg = Debug|Any CPU
		{2C25FA1E-862D-4236-A942-5EF8144AD7D8}.Debug|Any CPU.Build.0 = Debug|Any CPU
		{2C25FA1E-862D-4236-A942-5EF8144AD7D8}.Debug|x64.ActiveCfg = Debug|Any CPU
		{2C25FA1E-862D-4236-A942-5EF8144AD7D8}.Debug|x64.Build.0 = Debug|Any CPU
		{2C25FA1E-862D-4236-A942-5EF8144AD7D8}.Debug|x86.ActiveCfg = Debug|x86
		{2C25FA1E-862D-4236-A942-5EF8144AD7D8}.Debug|x86.Build.0 = Debug|x86
		{2C25FA1E-862D-4236-A942-5EF8144AD7D8}.Release|Any CPU.ActiveCfg = Release|Any CPU
		{2C25FA1E-862D-4236-A942-5EF8144AD7D8}.Release|Any CPU.Build.0 = Release|Any CPU
		{2C25FA1E-862D-4236-A942-5EF8144AD7D8}.Release|x64.ActiveCfg = Release|Any CPU
		{2C25FA1E-862D-4236-A942-5EF8144AD7D8}.Release|x64.Build.0 = Release|Any CPU
		{2C25FA1E-862D-4236-A942-5EF8144AD7D8}.Release|x86.ActiveCfg = Release|x86
		{2C25FA1E-862D-4236-A942-5EF8144AD7D8}.Release|x86.Build.0 = Release|x86
		{315BEEAE-F169-466A-B254-333479A2BA38}.Debug|Any CPU.ActiveCfg = Debug|Any CPU
		{315BEEAE-F169-466A-B254-333479A2BA38}.Debug|Any CPU.Build.0 = Debug|Any CPU
		{315BEEAE-F169-466A-B254-333479A2BA38}.Debug|x64.ActiveCfg = Debug|Any CPU
		{315BEEAE-F169-466A-B254-333479A2BA38}.Debug|x64.Build.0 = Debug|Any CPU
		{315BEEAE-F169-466A-B254-333479A2BA38}.Debug|x86.ActiveCfg = Debug|x86
		{315BEEAE-F169-466A-B254-333479A2BA38}.Debug|x86.Build.0 = Debug|x86
		{315BEEAE-F169-466A-B254-333479A2BA38}.Release|Any CPU.ActiveCfg = Release|Any CPU
		{315BEEAE-F169-466A-B254-333479A2BA38}.Release|Any CPU.Build.0 = Release|Any CPU
		{315BEEAE-F169-466A-B254-333479A2BA38}.Release|x64.ActiveCfg = Release|Any CPU
		{315BEEAE-F169-466A-B254-333479A2BA38}.Release|x64.Build.0 = Release|Any CPU
		{315BEEAE-F169-466A-B254-333479A2BA38}.Release|x86.ActiveCfg = Release|x86
		{315BEEAE-F169-466A-B254-333479A2BA38}.Release|x86.Build.0 = Release|x86
		{D48B9F2C-5339-4D19-8B69-1A5DA5419FA4}.Debug|Any CPU.ActiveCfg = Debug|Any CPU
		{D48B9F2C-5339-4D19-8B69-1A5DA5419FA4}.Debug|Any CPU.Build.0 = Debug|Any CPU
		{D48B9F2C-5339-4D19-8B69-1A5DA5419FA4}.Debug|x64.ActiveCfg = Debug|Any CPU
		{D48B9F2C-5339-4D19-8B69-1A5DA5419FA4}.Debug|x64.Build.0 = Debug|Any CPU
		{D48B9F2C-5339-4D19-8B69-1A5DA5419FA4}.Debug|x86.ActiveCfg = Debug|x86
		{D48B9F2C-5339-4D19-8B69-1A5DA5419FA4}.Debug|x86.Build.0 = Debug|x86
		{D48B9F2C-5339-4D19-8B69-1A5DA5419FA4}.Release|Any CPU.ActiveCfg = Release|Any CPU
		{D48B9F2C-5339-4D19-8B69-1A5DA5419FA4}.Release|Any CPU.Build.0 = Release|Any CPU
		{D48B9F2C-5339-4D19-8B69-1A5DA5419FA4}.Release|x64.ActiveCfg = Release|Any CPU
		{D48B9F2C-5339-4D19-8B69-1A5DA5419FA4}.Release|x64.Build.0 = Release|Any CPU
		{D48B9F2C-5339-4D19-8B69-1A5DA5419FA4}.Release|x86.ActiveCfg = Release|x86
		{D48B9F2C-5339-4D19-8B69-1A5DA5419FA4}.Release|x86.Build.0 = Release|x86
		{B410E24A-3AE9-4863-9C3C-479D2793735A}.Debug|Any CPU.ActiveCfg = Debug|Any CPU
		{B410E24A-3AE9-4863-9C3C-479D2793735A}.Debug|Any CPU.Build.0 = Debug|Any CPU
		{B410E24A-3AE9-4863-9C3C-479D2793735A}.Debug|x64.ActiveCfg = Debug|x64
		{B410E24A-3AE9-4863-9C3C-479D2793735A}.Debug|x64.Build.0 = Debug|x64
		{B410E24A-3AE9-4863-9C3C-479D2793735A}.Debug|x86.ActiveCfg = Debug|x86
		{B410E24A-3AE9-4863-9C3C-479D2793735A}.Debug|x86.Build.0 = Debug|x86
		{B410E24A-3AE9-4863-9C3C-479D2793735A}.Release|Any CPU.ActiveCfg = Release|Any CPU
		{B410E24A-3AE9-4863-9C3C-479D2793735A}.Release|Any CPU.Build.0 = Release|Any CPU
		{B410E24A-3AE9-4863-9C3C-479D2793735A}.Release|x64.ActiveCfg = Release|x64
		{B410E24A-3AE9-4863-9C3C-479D2793735A}.Release|x64.Build.0 = Release|x64
		{B410E24A-3AE9-4863-9C3C-479D2793735A}.Release|x86.ActiveCfg = Release|x86
		{B410E24A-3AE9-4863-9C3C-479D2793735A}.Release|x86.Build.0 = Release|x86
		{AF061227-59E1-496D-966C-92526A910628}.Debug|Any CPU.ActiveCfg = Debug|Any CPU
		{AF061227-59E1-496D-966C-92526A910628}.Debug|Any CPU.Build.0 = Debug|Any CPU
		{AF061227-59E1-496D-966C-92526A910628}.Debug|x64.ActiveCfg = Debug|Any CPU
		{AF061227-59E1-496D-966C-92526A910628}.Debug|x64.Build.0 = Debug|Any CPU
		{AF061227-59E1-496D-966C-92526A910628}.Debug|x86.ActiveCfg = Debug|x86
		{AF061227-59E1-496D-966C-92526A910628}.Debug|x86.Build.0 = Debug|x86
		{AF061227-59E1-496D-966C-92526A910628}.Release|Any CPU.ActiveCfg = Release|Any CPU
		{AF061227-59E1-496D-966C-92526A910628}.Release|Any CPU.Build.0 = Release|Any CPU
		{AF061227-59E1-496D-966C-92526A910628}.Release|x64.ActiveCfg = Release|Any CPU
		{AF061227-59E1-496D-966C-92526A910628}.Release|x64.Build.0 = Release|Any CPU
		{AF061227-59E1-496D-966C-92526A910628}.Release|x86.ActiveCfg = Release|x86
		{AF061227-59E1-496D-966C-92526A910628}.Release|x86.Build.0 = Release|x86
		{9BD9C893-C8AB-4475-B68C-577149AF79EE}.Debug|Any CPU.ActiveCfg = Debug|Any CPU
		{9BD9C893-C8AB-4475-B68C-577149AF79EE}.Debug|Any CPU.Build.0 = Debug|Any CPU
		{9BD9C893-C8AB-4475-B68C-577149AF79EE}.Debug|x64.ActiveCfg = Debug|Any CPU
		{9BD9C893-C8AB-4475-B68C-577149AF79EE}.Debug|x64.Build.0 = Debug|Any CPU
		{9BD9C893-C8AB-4475-B68C-577149AF79EE}.Debug|x86.ActiveCfg = Debug|x86
		{9BD9C893-C8AB-4475-B68C-577149AF79EE}.Debug|x86.Build.0 = Debug|x86
		{9BD9C893-C8AB-4475-B68C-577149AF79EE}.Release|Any CPU.ActiveCfg = Release|Any CPU
		{9BD9C893-C8AB-4475-B68C-577149AF79EE}.Release|Any CPU.Build.0 = Release|Any CPU
		{9BD9C893-C8AB-4475-B68C-577149AF79EE}.Release|x64.ActiveCfg = Release|Any CPU
		{9BD9C893-C8AB-4475-B68C-577149AF79EE}.Release|x64.Build.0 = Release|Any CPU
		{9BD9C893-C8AB-4475-B68C-577149AF79EE}.Release|x86.ActiveCfg = Release|x86
		{9BD9C893-C8AB-4475-B68C-577149AF79EE}.Release|x86.Build.0 = Release|x86
		{3F80F926-9B2F-4184-8395-7E6918827C1F}.Debug|Any CPU.ActiveCfg = Debug|Any CPU
		{3F80F926-9B2F-4184-8395-7E6918827C1F}.Debug|Any CPU.Build.0 = Debug|Any CPU
		{3F80F926-9B2F-4184-8395-7E6918827C1F}.Debug|x64.ActiveCfg = Debug|Any CPU
		{3F80F926-9B2F-4184-8395-7E6918827C1F}.Debug|x64.Build.0 = Debug|Any CPU
		{3F80F926-9B2F-4184-8395-7E6918827C1F}.Debug|x86.ActiveCfg = Debug|x86
		{3F80F926-9B2F-4184-8395-7E6918827C1F}.Debug|x86.Build.0 = Debug|x86
		{3F80F926-9B2F-4184-8395-7E6918827C1F}.Release|Any CPU.ActiveCfg = Release|Any CPU
		{3F80F926-9B2F-4184-8395-7E6918827C1F}.Release|Any CPU.Build.0 = Release|Any CPU
		{3F80F926-9B2F-4184-8395-7E6918827C1F}.Release|x64.ActiveCfg = Release|Any CPU
		{3F80F926-9B2F-4184-8395-7E6918827C1F}.Release|x64.Build.0 = Release|Any CPU
		{3F80F926-9B2F-4184-8395-7E6918827C1F}.Release|x86.ActiveCfg = Release|x86
		{3F80F926-9B2F-4184-8395-7E6918827C1F}.Release|x86.Build.0 = Release|x86
		{CAD278A9-59D6-4F45-BE6A-B6D4417BF9A7}.Debug|Any CPU.ActiveCfg = Debug|Any CPU
		{CAD278A9-59D6-4F45-BE6A-B6D4417BF9A7}.Debug|Any CPU.Build.0 = Debug|Any CPU
		{CAD278A9-59D6-4F45-BE6A-B6D4417BF9A7}.Debug|x64.ActiveCfg = Debug|Any CPU
		{CAD278A9-59D6-4F45-BE6A-B6D4417BF9A7}.Debug|x64.Build.0 = Debug|Any CPU
		{CAD278A9-59D6-4F45-BE6A-B6D4417BF9A7}.Debug|x86.ActiveCfg = Debug|x86
		{CAD278A9-59D6-4F45-BE6A-B6D4417BF9A7}.Debug|x86.Build.0 = Debug|x86
		{CAD278A9-59D6-4F45-BE6A-B6D4417BF9A7}.Release|Any CPU.ActiveCfg = Release|Any CPU
		{CAD278A9-59D6-4F45-BE6A-B6D4417BF9A7}.Release|Any CPU.Build.0 = Release|Any CPU
		{CAD278A9-59D6-4F45-BE6A-B6D4417BF9A7}.Release|x64.ActiveCfg = Release|Any CPU
		{CAD278A9-59D6-4F45-BE6A-B6D4417BF9A7}.Release|x64.Build.0 = Release|Any CPU
		{CAD278A9-59D6-4F45-BE6A-B6D4417BF9A7}.Release|x86.ActiveCfg = Release|x86
		{CAD278A9-59D6-4F45-BE6A-B6D4417BF9A7}.Release|x86.Build.0 = Release|x86
		{86FBD383-521A-41DE-AA01-FCA277BA922E}.Debug|Any CPU.ActiveCfg = Debug|Any CPU
		{86FBD383-521A-41DE-AA01-FCA277BA922E}.Debug|Any CPU.Build.0 = Debug|Any CPU
		{86FBD383-521A-41DE-AA01-FCA277BA922E}.Debug|x64.ActiveCfg = Debug|Any CPU
		{86FBD383-521A-41DE-AA01-FCA277BA922E}.Debug|x64.Build.0 = Debug|Any CPU
		{86FBD383-521A-41DE-AA01-FCA277BA922E}.Debug|x86.ActiveCfg = Debug|x86
		{86FBD383-521A-41DE-AA01-FCA277BA922E}.Debug|x86.Build.0 = Debug|x86
		{86FBD383-521A-41DE-AA01-FCA277BA922E}.Release|Any CPU.ActiveCfg = Release|Any CPU
		{86FBD383-521A-41DE-AA01-FCA277BA922E}.Release|Any CPU.Build.0 = Release|Any CPU
		{86FBD383-521A-41DE-AA01-FCA277BA922E}.Release|x64.ActiveCfg = Release|Any CPU
		{86FBD383-521A-41DE-AA01-FCA277BA922E}.Release|x64.Build.0 = Release|Any CPU
		{86FBD383-521A-41DE-AA01-FCA277BA922E}.Release|x86.ActiveCfg = Release|x86
		{86FBD383-521A-41DE-AA01-FCA277BA922E}.Release|x86.Build.0 = Release|x86
		{66801304-818C-4B1E-88AF-0B08141023EB}.Debug|Any CPU.ActiveCfg = Debug|Any CPU
		{66801304-818C-4B1E-88AF-0B08141023EB}.Debug|Any CPU.Build.0 = Debug|Any CPU
		{66801304-818C-4B1E-88AF-0B08141023EB}.Debug|x64.ActiveCfg = Debug|Any CPU
		{66801304-818C-4B1E-88AF-0B08141023EB}.Debug|x64.Build.0 = Debug|Any CPU
		{66801304-818C-4B1E-88AF-0B08141023EB}.Debug|x86.ActiveCfg = Debug|x86
		{66801304-818C-4B1E-88AF-0B08141023EB}.Debug|x86.Build.0 = Debug|x86
		{66801304-818C-4B1E-88AF-0B08141023EB}.Release|Any CPU.ActiveCfg = Release|Any CPU
		{66801304-818C-4B1E-88AF-0B08141023EB}.Release|Any CPU.Build.0 = Release|Any CPU
		{66801304-818C-4B1E-88AF-0B08141023EB}.Release|x64.ActiveCfg = Release|Any CPU
		{66801304-818C-4B1E-88AF-0B08141023EB}.Release|x64.Build.0 = Release|Any CPU
		{66801304-818C-4B1E-88AF-0B08141023EB}.Release|x86.ActiveCfg = Release|x86
		{66801304-818C-4B1E-88AF-0B08141023EB}.Release|x86.Build.0 = Release|x86
		{7180CDC6-24F3-4288-BA55-2921CDB9C56C}.Debug|Any CPU.ActiveCfg = Debug|Any CPU
		{7180CDC6-24F3-4288-BA55-2921CDB9C56C}.Debug|Any CPU.Build.0 = Debug|Any CPU
		{7180CDC6-24F3-4288-BA55-2921CDB9C56C}.Debug|x64.ActiveCfg = Debug|x64
		{7180CDC6-24F3-4288-BA55-2921CDB9C56C}.Debug|x64.Build.0 = Debug|x64
		{7180CDC6-24F3-4288-BA55-2921CDB9C56C}.Debug|x86.ActiveCfg = Debug|x86
		{7180CDC6-24F3-4288-BA55-2921CDB9C56C}.Debug|x86.Build.0 = Debug|x86
		{7180CDC6-24F3-4288-BA55-2921CDB9C56C}.Release|Any CPU.ActiveCfg = Release|Any CPU
		{7180CDC6-24F3-4288-BA55-2921CDB9C56C}.Release|Any CPU.Build.0 = Release|Any CPU
		{7180CDC6-24F3-4288-BA55-2921CDB9C56C}.Release|x64.ActiveCfg = Release|x64
		{7180CDC6-24F3-4288-BA55-2921CDB9C56C}.Release|x64.Build.0 = Release|x64
		{7180CDC6-24F3-4288-BA55-2921CDB9C56C}.Release|x86.ActiveCfg = Release|x86
		{7180CDC6-24F3-4288-BA55-2921CDB9C56C}.Release|x86.Build.0 = Release|x86
	EndGlobalSection
	GlobalSection(SolutionProperties) = preSolution
		HideSolutionNode = FALSE
	EndGlobalSection
EndGlobal
